
Microsoft Visual Studio Solution File, Format Version 12.00
# Visual Studio Version 17
VisualStudioVersion = 17.8.34601.278
MinimumVisualStudioVersion = 10.0.40219.1
Project("{FAE04EC0-301F-11D3-BF4B-00C04F79EFBC}") = "MyTemplateProcessor", "MyTemplateProcessor\MyTemplateProcessor.csproj", "{D2327B69-366B-458E-BFB7-3384275DEC41}"
EndProject
Global
	GlobalSection(SolutionConfigurationPlatforms) = preSolution
		Debug|Any CPU = Debug|Any CPU
		Release|Any CPU = Release|Any CPU
	EndGlobalSection
	GlobalSection(ProjectConfigurationPlatforms) = postSolution
		{D2327B69-366B-458E-BFB7-3384275DEC41}.Debug|Any CPU.ActiveCfg = Debug|Any CPU
		{D2327B69-366B-458E-BFB7-3384275DEC41}.Debug|Any CPU.Build.0 = Debug|Any CPU
		{D2327B69-366B-458E-BFB7-3384275DEC41}.Release|Any CPU.ActiveCfg = Release|Any CPU
		{D2327B69-366B-458E-BFB7-3384275DEC41}.Release|Any CPU.Build.0 = Release|Any CPU
	EndGlobalSection
	GlobalSection(SolutionProperties) = preSolution
		HideSolutionNode = FALSE
	EndGlobalSection
	GlobalSection(ExtensibilityGlobals) = postSolution
		SolutionGuid = {6E954246-AED8-4F2A-882E-F6EC41AFE59F}
	EndGlobalSection
EndGlobal
